
Microsoft Visual Studio Solution File, Format Version 12.00
# Visual Studio 14
VisualStudioVersion = 14.0.25420.1
MinimumVisualStudioVersion = 10.0.40219.1
Project("{FAE04EC0-301F-11D3-BF4B-00C04F79EFBC}") = "FileHash1", "FileHash1\FileHash1.csproj", "{4890E619-DDF5-4F39-9353-4447190AD0DE}"
EndProject
Project("{FAE04EC0-301F-11D3-BF4B-00C04F79EFBC}") = "FileHash2", "FileHash2\FileHash2.csproj", "{DF38EFFF-626F-4B59-B7CA-201FA17BED1F}"
EndProject
Project("{FAE04EC0-301F-11D3-BF4B-00C04F79EFBC}") = "FileHash3", "FileHash3\FileHash3.csproj", "{A42F1A13-40A0-42C7-8F1A-B6D791DA8180}"
EndProject
Global
	GlobalSection(SolutionConfigurationPlatforms) = preSolution
		Debug|Any CPU = Debug|Any CPU
		Release|Any CPU = Release|Any CPU
	EndGlobalSection
	GlobalSection(ProjectConfigurationPlatforms) = postSolution
		{4890E619-DDF5-4F39-9353-4447190AD0DE}.Debug|Any CPU.ActiveCfg = Debug|Any CPU
		{4890E619-DDF5-4F39-9353-4447190AD0DE}.Debug|Any CPU.Build.0 = Debug|Any CPU
		{4890E619-DDF5-4F39-9353-4447190AD0DE}.Release|Any CPU.ActiveCfg = Release|Any CPU
		{4890E619-DDF5-4F39-9353-4447190AD0DE}.Release|Any CPU.Build.0 = Release|Any CPU
		{DF38EFFF-626F-4B59-B7CA-201FA17BED1F}.Debug|Any CPU.ActiveCfg = Debug|Any CPU
		{DF38EFFF-626F-4B59-B7CA-201FA17BED1F}.Debug|Any CPU.Build.0 = Debug|Any CPU
		{DF38EFFF-626F-4B59-B7CA-201FA17BED1F}.Release|Any CPU.ActiveCfg = Release|Any CPU
		{DF38EFFF-626F-4B59-B7CA-201FA17BED1F}.Release|Any CPU.Build.0 = Release|Any CPU
		{A42F1A13-40A0-42C7-8F1A-B6D791DA8180}.Debug|Any CPU.ActiveCfg = Debug|Any CPU
		{A42F1A13-40A0-42C7-8F1A-B6D791DA8180}.Debug|Any CPU.Build.0 = Debug|Any CPU
		{A42F1A13-40A0-42C7-8F1A-B6D791DA8180}.Release|Any CPU.ActiveCfg = Release|Any CPU
		{A42F1A13-40A0-42C7-8F1A-B6D791DA8180}.Release|Any CPU.Build.0 = Release|Any CPU
	EndGlobalSection
	GlobalSection(SolutionProperties) = preSolution
		HideSolutionNode = FALSE
	EndGlobalSection
EndGlobal
